<Solution>
  <Folder Name="/Aigamo.Extensions.Primitives/">
    <Project Path="Aigamo.Extensions.Primitives/Aigamo.Extensions.Primitives.Tests/Aigamo.Extensions.Primitives.Tests.csproj" />
    <Project Path="Aigamo.Extensions.Primitives/Aigamo.Extensions.Primitives/Aigamo.Extensions.Primitives.csproj" />
  </Folder>
  <Folder Name="/Disassembler/">
    <Project Path="Disassembler/OpenNspw.Disassembler/OpenNspw.Disassembler.csproj" />
  </Folder>
  <Folder Name="/Enzan/">
    <Project Path="Enzan/Aigamo.Enzan.Benchmarks/Aigamo.Enzan.Benchmarks.csproj" />
    <Project Path="Enzan/Aigamo.Enzan.Tests/Aigamo.Enzan.Tests.csproj" />
    <Project Path="Enzan/Aigamo.Enzan/Aigamo.Enzan.csproj" />
  </Folder>
  <Folder Name="/Otsuki/">
    <Project Path="Otsuki/Aigamo.Otsuki.Analyzers.Tests/Aigamo.Otsuki.Analyzers.Tests.csproj" />
    <Project Path="Otsuki/Aigamo.Otsuki.Analyzers/Aigamo.Otsuki.Analyzers.csproj" />
    <Project Path="Otsuki/Aigamo.Otsuki.ConsoleApp/Aigamo.Otsuki.ConsoleApp.csproj" />
    <Project Path="Otsuki/Aigamo.Otsuki.Messages.Tests/Aigamo.Otsuki.Messages.Tests.csproj" />
    <Project Path="Otsuki/Aigamo.Otsuki.Messages/Aigamo.Otsuki.Messages.csproj" />
    <Project Path="Otsuki/Aigamo.Otsuki.Tests/Aigamo.Otsuki.Tests.csproj" />
    <Project Path="Otsuki/Aigamo.Otsuki/Aigamo.Otsuki.csproj" />
  </Folder>
  <Folder Name="/Saruhashi/">
    <Project Path="Saruhashi/Aigamo.Saruhashi.MonoGame.Demo/Aigamo.Saruhashi.MonoGame.Demo.csproj" />
    <Project Path="Saruhashi/Aigamo.Saruhashi.MonoGame/Aigamo.Saruhashi.MonoGame.csproj" />
    <Project Path="Saruhashi/Aigamo.Saruhashi/Aigamo.Saruhashi.csproj" />
  </Folder>
</Solution>
